
Microsoft Visual Studio Solution File, Format Version 12.00
# Visual Studio Version 17
VisualStudioVersion = 17.4.33213.308
MinimumVisualStudioVersion = 10.0.40219.1
Project("{FAE04EC0-301F-11D3-BF4B-00C04F79EFBC}") = "Observer DP", "Observer DP\Observer DP.csproj", "{3E98D81F-5754-40EB-8DFC-C440C34453F8}"
EndProject
Global
	GlobalSection(SolutionConfigurationPlatforms) = preSolution
		Debug|Any CPU = Debug|Any CPU
		Release|Any CPU = Release|Any CPU
	EndGlobalSection
	GlobalSection(ProjectConfigurationPlatforms) = postSolution
		{3E98D81F-5754-40EB-8DFC-C440C34453F8}.Debug|Any CPU.ActiveCfg = Debug|Any CPU
		{3E98D81F-5754-40EB-8DFC-C440C34453F8}.Debug|Any CPU.Build.0 = Debug|Any CPU
		{3E98D81F-5754-40EB-8DFC-C440C34453F8}.Release|Any CPU.ActiveCfg = Release|Any CPU
		{3E98D81F-5754-40EB-8DFC-C440C34453F8}.Release|Any CPU.Build.0 = Release|Any CPU
	EndGlobalSection
	GlobalSection(SolutionProperties) = preSolution
		HideSolutionNode = FALSE
	EndGlobalSection
	GlobalSection(ExtensibilityGlobals) = postSolution
		SolutionGuid = {588EA993-5DCB-44F0-969B-A081BE930524}
	EndGlobalSection
EndGlobal
