
Microsoft Visual Studio Solution File, Format Version 12.00
# Visual Studio Version 17
VisualStudioVersion = 17.4.33213.308
MinimumVisualStudioVersion = 10.0.40219.1
Project("{FAE04EC0-301F-11D3-BF4B-00C04F79EFBC}") = "Array_Task", "Array_Task\Array_Task.csproj", "{FFA09260-BAF0-46BC-9A60-D259A8663B0D}"
EndProject
Project("{FAE04EC0-301F-11D3-BF4B-00C04F79EFBC}") = "Arr_Reverse_Task", "Arr_Reverse_Task\Arr_Reverse_Task.csproj", "{23511340-9024-4C8A-9132-815C1E8EE398}"
EndProject
Project("{FAE04EC0-301F-11D3-BF4B-00C04F79EFBC}") = "One's_Task", "One's_Task\One's_Task.csproj", "{DCFD9FF5-D916-42FC-9AEF-CFBAE8C43539}"
EndProject
Global
	GlobalSection(SolutionConfigurationPlatforms) = preSolution
		Debug|Any CPU = Debug|Any CPU
		Release|Any CPU = Release|Any CPU
	EndGlobalSection
	GlobalSection(ProjectConfigurationPlatforms) = postSolution
		{FFA09260-BAF0-46BC-9A60-D259A8663B0D}.Debug|Any CPU.ActiveCfg = Debug|Any CPU
		{FFA09260-BAF0-46BC-9A60-D259A8663B0D}.Debug|Any CPU.Build.0 = Debug|Any CPU
		{FFA09260-BAF0-46BC-9A60-D259A8663B0D}.Release|Any CPU.ActiveCfg = Release|Any CPU
		{FFA09260-BAF0-46BC-9A60-D259A8663B0D}.Release|Any CPU.Build.0 = Release|Any CPU
		{23511340-9024-4C8A-9132-815C1E8EE398}.Debug|Any CPU.ActiveCfg = Debug|Any CPU
		{23511340-9024-4C8A-9132-815C1E8EE398}.Debug|Any CPU.Build.0 = Debug|Any CPU
		{23511340-9024-4C8A-9132-815C1E8EE398}.Release|Any CPU.ActiveCfg = Release|Any CPU
		{23511340-9024-4C8A-9132-815C1E8EE398}.Release|Any CPU.Build.0 = Release|Any CPU
		{DCFD9FF5-D916-42FC-9AEF-CFBAE8C43539}.Debug|Any CPU.ActiveCfg = Debug|Any CPU
		{DCFD9FF5-D916-42FC-9AEF-CFBAE8C43539}.Debug|Any CPU.Build.0 = Debug|Any CPU
		{DCFD9FF5-D916-42FC-9AEF-CFBAE8C43539}.Release|Any CPU.ActiveCfg = Release|Any CPU
		{DCFD9FF5-D916-42FC-9AEF-CFBAE8C43539}.Release|Any CPU.Build.0 = Release|Any CPU
	EndGlobalSection
	GlobalSection(SolutionProperties) = preSolution
		HideSolutionNode = FALSE
	EndGlobalSection
	GlobalSection(ExtensibilityGlobals) = postSolution
		SolutionGuid = {F53E6A72-5DEE-45EB-BC44-F270EDE504F2}
	EndGlobalSection
EndGlobal
