
Microsoft Visual Studio Solution File, Format Version 12.00
# Visual Studio Version 17
VisualStudioVersion = 17.4.33213.308
MinimumVisualStudioVersion = 10.0.40219.1
Project("{FAE04EC0-301F-11D3-BF4B-00C04F79EFBC}") = "2Boy_Ball", "2Boy_Ball\2Boy_Ball.csproj", "{23554D16-2CAB-4BD7-BA20-2F25DA69B80D}"
EndProject
Global
	GlobalSection(SolutionConfigurationPlatforms) = preSolution
		Debug|Any CPU = Debug|Any CPU
		Release|Any CPU = Release|Any CPU
	EndGlobalSection
	GlobalSection(ProjectConfigurationPlatforms) = postSolution
		{23554D16-2CAB-4BD7-BA20-2F25DA69B80D}.Debug|Any CPU.ActiveCfg = Debug|Any CPU
		{23554D16-2CAB-4BD7-BA20-2F25DA69B80D}.Debug|Any CPU.Build.0 = Debug|Any CPU
		{23554D16-2CAB-4BD7-BA20-2F25DA69B80D}.Release|Any CPU.ActiveCfg = Release|Any CPU
		{23554D16-2CAB-4BD7-BA20-2F25DA69B80D}.Release|Any CPU.Build.0 = Release|Any CPU
	EndGlobalSection
	GlobalSection(SolutionProperties) = preSolution
		HideSolutionNode = FALSE
	EndGlobalSection
	GlobalSection(ExtensibilityGlobals) = postSolution
		SolutionGuid = {6B18707E-103D-41EA-91A2-C0E4CECB0CA1}
	EndGlobalSection
EndGlobal
